
Microsoft Visual Studio Solution File, Format Version 12.00
# Visual Studio Version 17
VisualStudioVersion = 17.1.32113.165
MinimumVisualStudioVersion = 10.0.40219.1
Project("{FAE04EC0-301F-11D3-BF4B-00C04F79EFBC}") = "SimpleLoginFormFreshMVVM.Android", "SimpleLoginFormFreshMVVM\SimpleLoginFormFreshMVVM.Android\SimpleLoginFormFreshMVVM.Android.csproj", "{82E985DD-E1FC-4D84-8B6C-82A5D0F34EA9}"
EndProject
Project("{FAE04EC0-301F-11D3-BF4B-00C04F79EFBC}") = "SimpleLoginFormFreshMVVM.iOS", "SimpleLoginFormFreshMVVM\SimpleLoginFormFreshMVVM.iOS\SimpleLoginFormFreshMVVM.iOS.csproj", "{BF02D133-605B-4B8E-8655-AD19FAB2B090}"
EndProject
Project("{FAE04EC0-301F-11D3-BF4B-00C04F79EFBC}") = "SimpleLoginFormFreshMVVM", "SimpleLoginFormFreshMVVM\SimpleLoginFormFreshMVVM\SimpleLoginFormFreshMVVM.csproj", "{2989992A-A025-4BDC-9F16-B295D92896CB}"
EndProject
Global
	GlobalSection(SolutionConfigurationPlatforms) = preSolution
		Debug|Any CPU = Debug|Any CPU
		Debug|iPhone = Debug|iPhone
		Debug|iPhoneSimulator = Debug|iPhoneSimulator
		Release|Any CPU = Release|Any CPU
		Release|iPhone = Release|iPhone
		Release|iPhoneSimulator = Release|iPhoneSimulator
	EndGlobalSection
	GlobalSection(ProjectConfigurationPlatforms) = postSolution
		{82E985DD-E1FC-4D84-8B6C-82A5D0F34EA9}.Debug|Any CPU.ActiveCfg = Debug|Any CPU
		{82E985DD-E1FC-4D84-8B6C-82A5D0F34EA9}.Debug|Any CPU.Build.0 = Debug|Any CPU
		{82E985DD-E1FC-4D84-8B6C-82A5D0F34EA9}.Debug|Any CPU.Deploy.0 = Debug|Any CPU
		{82E985DD-E1FC-4D84-8B6C-82A5D0F34EA9}.Debug|iPhone.ActiveCfg = Debug|Any CPU
		{82E985DD-E1FC-4D84-8B6C-82A5D0F34EA9}.Debug|iPhone.Build.0 = Debug|Any CPU
		{82E985DD-E1FC-4D84-8B6C-82A5D0F34EA9}.Debug|iPhone.Deploy.0 = Debug|Any CPU
		{82E985DD-E1FC-4D84-8B6C-82A5D0F34EA9}.Debug|iPhoneSimulator.ActiveCfg = Debug|Any CPU
		{82E985DD-E1FC-4D84-8B6C-82A5D0F34EA9}.Debug|iPhoneSimulator.Build.0 = Debug|Any CPU
		{82E985DD-E1FC-4D84-8B6C-82A5D0F34EA9}.Debug|iPhoneSimulator.Deploy.0 = Debug|Any CPU
		{82E985DD-E1FC-4D84-8B6C-82A5D0F34EA9}.Release|Any CPU.ActiveCfg = Release|Any CPU
		{82E985DD-E1FC-4D84-8B6C-82A5D0F34EA9}.Release|Any CPU.Build.0 = Release|Any CPU
		{82E985DD-E1FC-4D84-8B6C-82A5D0F34EA9}.Release|Any CPU.Deploy.0 = Release|Any CPU
		{82E985DD-E1FC-4D84-8B6C-82A5D0F34EA9}.Release|iPhone.ActiveCfg = Release|Any CPU
		{82E985DD-E1FC-4D84-8B6C-82A5D0F34EA9}.Release|iPhone.Build.0 = Release|Any CPU
		{82E985DD-E1FC-4D84-8B6C-82A5D0F34EA9}.Release|iPhone.Deploy.0 = Release|Any CPU
		{82E985DD-E1FC-4D84-8B6C-82A5D0F34EA9}.Release|iPhoneSimulator.ActiveCfg = Release|Any CPU
		{82E985DD-E1FC-4D84-8B6C-82A5D0F34EA9}.Release|iPhoneSimulator.Build.0 = Release|Any CPU
		{82E985DD-E1FC-4D84-8B6C-82A5D0F34EA9}.Release|iPhoneSimulator.Deploy.0 = Release|Any CPU
		{BF02D133-605B-4B8E-8655-AD19FAB2B090}.Debug|Any CPU.ActiveCfg = Debug|iPhone
		{BF02D133-605B-4B8E-8655-AD19FAB2B090}.Debug|Any CPU.Build.0 = Debug|iPhone
		{BF02D133-605B-4B8E-8655-AD19FAB2B090}.Debug|Any CPU.Deploy.0 = Debug|iPhone
		{BF02D133-605B-4B8E-8655-AD19FAB2B090}.Debug|iPhone.ActiveCfg = Debug|iPhone
		{BF02D133-605B-4B8E-8655-AD19FAB2B090}.Debug|iPhone.Build.0 = Debug|iPhone
		{BF02D133-605B-4B8E-8655-AD19FAB2B090}.Debug|iPhone.Deploy.0 = Debug|iPhone
		{BF02D133-605B-4B8E-8655-AD19FAB2B090}.Debug|iPhoneSimulator.ActiveCfg = Debug|iPhoneSimulator
		{BF02D133-605B-4B8E-8655-AD19FAB2B090}.Debug|iPhoneSimulator.Build.0 = Debug|iPhoneSimulator
		{BF02D133-605B-4B8E-8655-AD19FAB2B090}.Debug|iPhoneSimulator.Deploy.0 = Debug|iPhoneSimulator
		{BF02D133-605B-4B8E-8655-AD19FAB2B090}.Release|Any CPU.ActiveCfg = Release|iPhoneSimulator
		{BF02D133-605B-4B8E-8655-AD19FAB2B090}.Release|Any CPU.Build.0 = Release|iPhoneSimulator
		{BF02D133-605B-4B8E-8655-AD19FAB2B090}.Release|Any CPU.Deploy.0 = Release|iPhoneSimulator
		{BF02D133-605B-4B8E-8655-AD19FAB2B090}.Release|iPhone.ActiveCfg = Release|iPhone
		{BF02D133-605B-4B8E-8655-AD19FAB2B090}.Release|iPhone.Build.0 = Release|iPhone
		{BF02D133-605B-4B8E-8655-AD19FAB2B090}.Release|iPhone.Deploy.0 = Release|iPhone
		{BF02D133-605B-4B8E-8655-AD19FAB2B090}.Release|iPhoneSimulator.ActiveCfg = Release|iPhoneSimulator
		{BF02D133-605B-4B8E-8655-AD19FAB2B090}.Release|iPhoneSimulator.Build.0 = Release|iPhoneSimulator
		{BF02D133-605B-4B8E-8655-AD19FAB2B090}.Release|iPhoneSimulator.Deploy.0 = Release|iPhoneSimulator
		{2989992A-A025-4BDC-9F16-B295D92896CB}.Debug|Any CPU.ActiveCfg = Debug|Any CPU
		{2989992A-A025-4BDC-9F16-B295D92896CB}.Debug|Any CPU.Build.0 = Debug|Any CPU
		{2989992A-A025-4BDC-9F16-B295D92896CB}.Debug|Any CPU.Deploy.0 = Debug|Any CPU
		{2989992A-A025-4BDC-9F16-B295D92896CB}.Debug|iPhone.ActiveCfg = Debug|Any CPU
		{2989992A-A025-4BDC-9F16-B295D92896CB}.Debug|iPhone.Build.0 = Debug|Any CPU
		{2989992A-A025-4BDC-9F16-B295D92896CB}.Debug|iPhone.Deploy.0 = Debug|Any CPU
		{2989992A-A025-4BDC-9F16-B295D92896CB}.Debug|iPhoneSimulator.ActiveCfg = Debug|Any CPU
		{2989992A-A025-4BDC-9F16-B295D92896CB}.Debug|iPhoneSimulator.Build.0 = Debug|Any CPU
		{2989992A-A025-4BDC-9F16-B295D92896CB}.Debug|iPhoneSimulator.Deploy.0 = Debug|Any CPU
		{2989992A-A025-4BDC-9F16-B295D92896CB}.Release|Any CPU.ActiveCfg = Release|Any CPU
		{2989992A-A025-4BDC-9F16-B295D92896CB}.Release|Any CPU.Build.0 = Release|Any CPU
		{2989992A-A025-4BDC-9F16-B295D92896CB}.Release|Any CPU.Deploy.0 = Release|Any CPU
		{2989992A-A025-4BDC-9F16-B295D92896CB}.Release|iPhone.ActiveCfg = Release|Any CPU
		{2989992A-A025-4BDC-9F16-B295D92896CB}.Release|iPhone.Build.0 = Release|Any CPU
		{2989992A-A025-4BDC-9F16-B295D92896CB}.Release|iPhone.Deploy.0 = Release|Any CPU
		{2989992A-A025-4BDC-9F16-B295D92896CB}.Release|iPhoneSimulator.ActiveCfg = Release|Any CPU
		{2989992A-A025-4BDC-9F16-B295D92896CB}.Release|iPhoneSimulator.Build.0 = Release|Any CPU
		{2989992A-A025-4BDC-9F16-B295D92896CB}.Release|iPhoneSimulator.Deploy.0 = Release|Any CPU
	EndGlobalSection
	GlobalSection(SolutionProperties) = preSolution
		HideSolutionNode = FALSE
	EndGlobalSection
	GlobalSection(ExtensibilityGlobals) = postSolution
		SolutionGuid = {00F34D27-F5BF-4BCF-A29F-1E3BCBCB27DB}
	EndGlobalSection
EndGlobal
